
Microsoft Visual Studio Solution File, Format Version 12.00
# Visual Studio Version 17
VisualStudioVersion = 17.7.34031.279
MinimumVisualStudioVersion = 10.0.40219.1
Project("{FAE04EC0-301F-11D3-BF4B-00C04F79EFBC}") = "HomeAppliancesCostNew", "HomeAppliancesCostNew\HomeAppliancesCostNew.csproj", "{B80BD26B-BDD6-4CB0-81AE-CD87CF11F71C}"
EndProject
Global
	GlobalSection(SolutionConfigurationPlatforms) = preSolution
		Debug|Any CPU = Debug|Any CPU
		Release|Any CPU = Release|Any CPU
	EndGlobalSection
	GlobalSection(ProjectConfigurationPlatforms) = postSolution
		{B80BD26B-BDD6-4CB0-81AE-CD87CF11F71C}.Debug|Any CPU.ActiveCfg = Debug|Any CPU
		{B80BD26B-BDD6-4CB0-81AE-CD87CF11F71C}.Debug|Any CPU.Build.0 = Debug|Any CPU
		{B80BD26B-BDD6-4CB0-81AE-CD87CF11F71C}.Release|Any CPU.ActiveCfg = Release|Any CPU
		{B80BD26B-BDD6-4CB0-81AE-CD87CF11F71C}.Release|Any CPU.Build.0 = Release|Any CPU
	EndGlobalSection
	GlobalSection(SolutionProperties) = preSolution
		HideSolutionNode = FALSE
	EndGlobalSection
	GlobalSection(ExtensibilityGlobals) = postSolution
		SolutionGuid = {02E38D6E-4584-4C50-B167-B61A4D1086FC}
	EndGlobalSection
EndGlobal
